# This file is @generated by PDM.
# It is not intended for manual editing.

[metadata]
groups = ["default"]
strategy = ["cross_platform", "inherit_metadata"]
lock_version = "4.4.2"
content_hash = "sha256:86d887142b61de19f6d3e3bdd0219431fb52c948536dca445715376779b77de9"

[[package]]
name = "wtf-div"
version = "0.1.0"
requires_python = ">=3.9"
summary = "Default template for PDM package"
groups = ["default"]
files = [
    {file = "wtf_div-0.1.0-py3-none-any.whl", hash = "sha256:49612216bd3fb10758291bab343a065e49cdad4a73caf44dbfb3e14e6758f8cc"},
    {file = "wtf_div-0.1.0.tar.gz", hash = "sha256:e9c6faab33ea7e5db099dac7661fc70c6e827cd1e8e05d9ac14fbeaf52d458bb"},
]

[[package]]
name = "wtf-mul"
version = "0.1.0"
requires_python = ">=3.9"
summary = "Default template for PDM package"
groups = ["default"]
files = [
    {file = "wtf_mul-0.1.0-py3-none-any.whl", hash = "sha256:3508112ad1fefb9e8a084209d539368d9365f1ff1ea575c55d86f6eebb949ace"},
    {file = "wtf_mul-0.1.0.tar.gz", hash = "sha256:0824573229e5b10a49dded562f22bd3ea21dd66a68e830e71f1be376b198d0a1"},
]

[[package]]
name = "wtf-plus"
version = "0.1.0"
requires_python = ">=3.9"
summary = "Default template for PDM package"
groups = ["default"]
files = [
    {file = "wtf_plus-0.1.0-py3-none-any.whl", hash = "sha256:2c9055f0c35ab40d6c0e5a0647eba3a9693d9081137fdbc6c7a8301c74d30c32"},
    {file = "wtf_plus-0.1.0.tar.gz", hash = "sha256:d0246c4eb1599a82d47b764cb14270f1e99d320fbc4f99e859cc74b6e35a428e"},
]
